
Microsoft Visual Studio Solution File, Format Version 12.00
# Visual Studio Version 16
VisualStudioVersion = 16.0.31729.503
MinimumVisualStudioVersion = 10.0.40219.1
Project("{FAE04EC0-301F-11D3-BF4B-00C04F79EFBC}") = "jidelniček", "jidelniček\jidelniček.csproj", "{C3802FF1-9479-4934-A795-0E36467B83CC}"
EndProject
Global
	GlobalSection(SolutionConfigurationPlatforms) = preSolution
		Debug|Any CPU = Debug|Any CPU
		Release|Any CPU = Release|Any CPU
	EndGlobalSection
	GlobalSection(ProjectConfigurationPlatforms) = postSolution
		{C3802FF1-9479-4934-A795-0E36467B83CC}.Debug|Any CPU.ActiveCfg = Debug|Any CPU
		{C3802FF1-9479-4934-A795-0E36467B83CC}.Debug|Any CPU.Build.0 = Debug|Any CPU
		{C3802FF1-9479-4934-A795-0E36467B83CC}.Release|Any CPU.ActiveCfg = Release|Any CPU
		{C3802FF1-9479-4934-A795-0E36467B83CC}.Release|Any CPU.Build.0 = Release|Any CPU
	EndGlobalSection
	GlobalSection(SolutionProperties) = preSolution
		HideSolutionNode = FALSE
	EndGlobalSection
	GlobalSection(ExtensibilityGlobals) = postSolution
		SolutionGuid = {DE93F8CC-4B8A-48D4-824A-87167A33E5D0}
	EndGlobalSection
EndGlobal
